
Microsoft Visual Studio Solution File, Format Version 12.00
# Visual Studio Version 16
VisualStudioVersion = 16.0.31515.178
MinimumVisualStudioVersion = 10.0.40219.1
Project("{9A19103F-16F7-4668-BE54-9A1E7A4F7556}") = "KanBanAPI", "KanBanAPI.csproj", "{2792CB8B-C142-48DD-8FBF-14707485FB10}"
EndProject
Project("{9A19103F-16F7-4668-BE54-9A1E7A4F7556}") = "Domain", "..\Domain\Domain.csproj", "{0FF040C1-A7E1-45AC-A2DF-0EFF39D0E56A}"
EndProject
Project("{9A19103F-16F7-4668-BE54-9A1E7A4F7556}") = "Infrastructure", "..\Infrastructure\Infrastructure.csproj", "{1CD5DD3C-4A3A-44BC-91C8-E1203A1E8BB5}"
EndProject
Project("{2150E333-8FDC-42A3-9474-1A3956D46DE8}") = "MiddleMan", "MiddleMan", "{C2CE58C6-FD10-4834-9E64-6AEB0851C1DB}"
EndProject
Project("{9A19103F-16F7-4668-BE54-9A1E7A4F7556}") = "EventBus", "..\MiddleMan\EventBus\EventBus.csproj", "{5F91AABD-9FAA-4949-B1D5-60FE62E77ABE}"
EndProject
Project("{9A19103F-16F7-4668-BE54-9A1E7A4F7556}") = "IntegrationEventLogEF", "..\MiddleMan\IntegrationEventLogEF\IntegrationEventLogEF.csproj", "{2422DCF5-E530-44D6-8DB0-A8A1D4B144DE}"
EndProject
Global
	GlobalSection(SolutionConfigurationPlatforms) = preSolution
		Debug|Any CPU = Debug|Any CPU
		Release|Any CPU = Release|Any CPU
	EndGlobalSection
	GlobalSection(ProjectConfigurationPlatforms) = postSolution
		{2792CB8B-C142-48DD-8FBF-14707485FB10}.Debug|Any CPU.ActiveCfg = Debug|Any CPU
		{2792CB8B-C142-48DD-8FBF-14707485FB10}.Debug|Any CPU.Build.0 = Debug|Any CPU
		{2792CB8B-C142-48DD-8FBF-14707485FB10}.Release|Any CPU.ActiveCfg = Release|Any CPU
		{2792CB8B-C142-48DD-8FBF-14707485FB10}.Release|Any CPU.Build.0 = Release|Any CPU
		{0FF040C1-A7E1-45AC-A2DF-0EFF39D0E56A}.Debug|Any CPU.ActiveCfg = Debug|Any CPU
		{0FF040C1-A7E1-45AC-A2DF-0EFF39D0E56A}.Debug|Any CPU.Build.0 = Debug|Any CPU
		{0FF040C1-A7E1-45AC-A2DF-0EFF39D0E56A}.Release|Any CPU.ActiveCfg = Release|Any CPU
		{0FF040C1-A7E1-45AC-A2DF-0EFF39D0E56A}.Release|Any CPU.Build.0 = Release|Any CPU
		{1CD5DD3C-4A3A-44BC-91C8-E1203A1E8BB5}.Debug|Any CPU.ActiveCfg = Debug|Any CPU
		{1CD5DD3C-4A3A-44BC-91C8-E1203A1E8BB5}.Debug|Any CPU.Build.0 = Debug|Any CPU
		{1CD5DD3C-4A3A-44BC-91C8-E1203A1E8BB5}.Release|Any CPU.ActiveCfg = Release|Any CPU
		{1CD5DD3C-4A3A-44BC-91C8-E1203A1E8BB5}.Release|Any CPU.Build.0 = Release|Any CPU
		{5F91AABD-9FAA-4949-B1D5-60FE62E77ABE}.Debug|Any CPU.ActiveCfg = Debug|Any CPU
		{5F91AABD-9FAA-4949-B1D5-60FE62E77ABE}.Debug|Any CPU.Build.0 = Debug|Any CPU
		{5F91AABD-9FAA-4949-B1D5-60FE62E77ABE}.Release|Any CPU.ActiveCfg = Release|Any CPU
		{5F91AABD-9FAA-4949-B1D5-60FE62E77ABE}.Release|Any CPU.Build.0 = Release|Any CPU
		{2422DCF5-E530-44D6-8DB0-A8A1D4B144DE}.Debug|Any CPU.ActiveCfg = Debug|Any CPU
		{2422DCF5-E530-44D6-8DB0-A8A1D4B144DE}.Debug|Any CPU.Build.0 = Debug|Any CPU
		{2422DCF5-E530-44D6-8DB0-A8A1D4B144DE}.Release|Any CPU.ActiveCfg = Release|Any CPU
		{2422DCF5-E530-44D6-8DB0-A8A1D4B144DE}.Release|Any CPU.Build.0 = Release|Any CPU
	EndGlobalSection
	GlobalSection(SolutionProperties) = preSolution
		HideSolutionNode = FALSE
	EndGlobalSection
	GlobalSection(NestedProjects) = preSolution
		{5F91AABD-9FAA-4949-B1D5-60FE62E77ABE} = {C2CE58C6-FD10-4834-9E64-6AEB0851C1DB}
		{2422DCF5-E530-44D6-8DB0-A8A1D4B144DE} = {C2CE58C6-FD10-4834-9E64-6AEB0851C1DB}
	EndGlobalSection
	GlobalSection(ExtensibilityGlobals) = postSolution
		SolutionGuid = {2A9F0988-6D48-4454-A4B1-2D0FC2E7E1F9}
	EndGlobalSection
EndGlobal
